
Microsoft Visual Studio Solution File, Format Version 12.00
# Visual Studio Version 17
VisualStudioVersion = 17.10.35004.147
MinimumVisualStudioVersion = 10.0.40219.1
Project("{FAE04EC0-301F-11D3-BF4B-00C04F79EFBC}") = "proggetto_1g", "proggetto_1g\proggetto_1g.csproj", "{310A8D69-AB57-41CC-9003-93860E89AEE0}"
EndProject
Global
	GlobalSection(SolutionConfigurationPlatforms) = preSolution
		Debug|Any CPU = Debug|Any CPU
		Release|Any CPU = Release|Any CPU
	EndGlobalSection
	GlobalSection(ProjectConfigurationPlatforms) = postSolution
		{310A8D69-AB57-41CC-9003-93860E89AEE0}.Debug|Any CPU.ActiveCfg = Debug|Any CPU
		{310A8D69-AB57-41CC-9003-93860E89AEE0}.Debug|Any CPU.Build.0 = Debug|Any CPU
		{310A8D69-AB57-41CC-9003-93860E89AEE0}.Release|Any CPU.ActiveCfg = Release|Any CPU
		{310A8D69-AB57-41CC-9003-93860E89AEE0}.Release|Any CPU.Build.0 = Release|Any CPU
	EndGlobalSection
	GlobalSection(SolutionProperties) = preSolution
		HideSolutionNode = FALSE
	EndGlobalSection
	GlobalSection(ExtensibilityGlobals) = postSolution
		SolutionGuid = {44A0EE5E-ED7F-45FF-AEB7-7E3CE6E3F7AD}
	EndGlobalSection
EndGlobal
