
Microsoft Visual Studio Solution File, Format Version 12.00
# Visual Studio Version 17
VisualStudioVersion = 17.10.35027.167
MinimumVisualStudioVersion = 10.0.40219.1
Project("{9A19103F-16F7-4668-BE54-9A1E7A4F7556}") = "Progetto_S2_M2", "Progetto_S2_M2\Progetto_S2_M2.csproj", "{9C86AEC5-B60C-474F-80DC-79AA395762B9}"
EndProject
Project("{FAE04EC0-301F-11D3-BF4B-00C04F79EFBC}") = "Soluzione_S2_M2", "Soluzione_S2_M2\Soluzione_S2_M2.csproj", "{4A67CFFD-1E1E-41E0-9D93-B19742582BC9}"
EndProject
Global
	GlobalSection(SolutionConfigurationPlatforms) = preSolution
		Debug|Any CPU = Debug|Any CPU
		Release|Any CPU = Release|Any CPU
	EndGlobalSection
	GlobalSection(ProjectConfigurationPlatforms) = postSolution
		{9C86AEC5-B60C-474F-80DC-79AA395762B9}.Debug|Any CPU.ActiveCfg = Debug|Any CPU
		{9C86AEC5-B60C-474F-80DC-79AA395762B9}.Debug|Any CPU.Build.0 = Debug|Any CPU
		{9C86AEC5-B60C-474F-80DC-79AA395762B9}.Release|Any CPU.ActiveCfg = Release|Any CPU
		{9C86AEC5-B60C-474F-80DC-79AA395762B9}.Release|Any CPU.Build.0 = Release|Any CPU
		{4A67CFFD-1E1E-41E0-9D93-B19742582BC9}.Debug|Any CPU.ActiveCfg = Debug|Any CPU
		{4A67CFFD-1E1E-41E0-9D93-B19742582BC9}.Debug|Any CPU.Build.0 = Debug|Any CPU
		{4A67CFFD-1E1E-41E0-9D93-B19742582BC9}.Release|Any CPU.ActiveCfg = Release|Any CPU
		{4A67CFFD-1E1E-41E0-9D93-B19742582BC9}.Release|Any CPU.Build.0 = Release|Any CPU
	EndGlobalSection
	GlobalSection(SolutionProperties) = preSolution
		HideSolutionNode = FALSE
	EndGlobalSection
	GlobalSection(ExtensibilityGlobals) = postSolution
		SolutionGuid = {D24E7D24-92F3-40ED-A911-4CD23331CBA5}
	EndGlobalSection
EndGlobal
