
Microsoft Visual Studio Solution File, Format Version 12.00
# Visual Studio Version 17
VisualStudioVersion = 17.10.35004.147
MinimumVisualStudioVersion = 10.0.40219.1
Project("{FAE04EC0-301F-11D3-BF4B-00C04F79EFBC}") = "Progetto_setimananle", "Progetto_setimananle\Progetto_setimananle.csproj", "{73C5B8BA-164C-45BA-8B03-D97F88F0776D}"
EndProject
Global
	GlobalSection(SolutionConfigurationPlatforms) = preSolution
		Debug|Any CPU = Debug|Any CPU
		Release|Any CPU = Release|Any CPU
	EndGlobalSection
	GlobalSection(ProjectConfigurationPlatforms) = postSolution
		{73C5B8BA-164C-45BA-8B03-D97F88F0776D}.Debug|Any CPU.ActiveCfg = Debug|Any CPU
		{73C5B8BA-164C-45BA-8B03-D97F88F0776D}.Debug|Any CPU.Build.0 = Debug|Any CPU
		{73C5B8BA-164C-45BA-8B03-D97F88F0776D}.Release|Any CPU.ActiveCfg = Release|Any CPU
		{73C5B8BA-164C-45BA-8B03-D97F88F0776D}.Release|Any CPU.Build.0 = Release|Any CPU
	EndGlobalSection
	GlobalSection(SolutionProperties) = preSolution
		HideSolutionNode = FALSE
	EndGlobalSection
	GlobalSection(ExtensibilityGlobals) = postSolution
		SolutionGuid = {BC34254B-06D5-4761-9085-9C6228A4DCA5}
	EndGlobalSection
EndGlobal
