
Microsoft Visual Studio Solution File, Format Version 12.00
# Visual Studio Version 17
VisualStudioVersion = 17.10.35013.160
MinimumVisualStudioVersion = 10.0.40219.1
Project("{FAE04EC0-301F-11D3-BF4B-00C04F79EFBC}") = "prova_S3_G2", "prova_S3_G2\prova_S3_G2.csproj", "{237C8FC7-669F-4E22-A459-63979ED93A2E}"
EndProject
Global
	GlobalSection(SolutionConfigurationPlatforms) = preSolution
		Debug|Any CPU = Debug|Any CPU
		Release|Any CPU = Release|Any CPU
	EndGlobalSection
	GlobalSection(ProjectConfigurationPlatforms) = postSolution
		{237C8FC7-669F-4E22-A459-63979ED93A2E}.Debug|Any CPU.ActiveCfg = Debug|Any CPU
		{237C8FC7-669F-4E22-A459-63979ED93A2E}.Debug|Any CPU.Build.0 = Debug|Any CPU
		{237C8FC7-669F-4E22-A459-63979ED93A2E}.Release|Any CPU.ActiveCfg = Release|Any CPU
		{237C8FC7-669F-4E22-A459-63979ED93A2E}.Release|Any CPU.Build.0 = Release|Any CPU
	EndGlobalSection
	GlobalSection(SolutionProperties) = preSolution
		HideSolutionNode = FALSE
	EndGlobalSection
	GlobalSection(ExtensibilityGlobals) = postSolution
		SolutionGuid = {456FF92D-CE10-4294-B194-6755028AB07D}
	EndGlobalSection
EndGlobal
