
Microsoft Visual Studio Solution File, Format Version 12.00
# Visual Studio Version 17
VisualStudioVersion = 17.10.35013.160
MinimumVisualStudioVersion = 10.0.40219.1
Project("{FAE04EC0-301F-11D3-BF4B-00C04F79EFBC}") = "ProvaDB", "ProvaDB\ProvaDB.csproj", "{7967A636-ECB9-4C53-85B5-2F9AD4DF89BE}"
EndProject
Global
	GlobalSection(SolutionConfigurationPlatforms) = preSolution
		Debug|Any CPU = Debug|Any CPU
		Release|Any CPU = Release|Any CPU
	EndGlobalSection
	GlobalSection(ProjectConfigurationPlatforms) = postSolution
		{7967A636-ECB9-4C53-85B5-2F9AD4DF89BE}.Debug|Any CPU.ActiveCfg = Debug|Any CPU
		{7967A636-ECB9-4C53-85B5-2F9AD4DF89BE}.Debug|Any CPU.Build.0 = Debug|Any CPU
		{7967A636-ECB9-4C53-85B5-2F9AD4DF89BE}.Release|Any CPU.ActiveCfg = Release|Any CPU
		{7967A636-ECB9-4C53-85B5-2F9AD4DF89BE}.Release|Any CPU.Build.0 = Release|Any CPU
	EndGlobalSection
	GlobalSection(SolutionProperties) = preSolution
		HideSolutionNode = FALSE
	EndGlobalSection
	GlobalSection(ExtensibilityGlobals) = postSolution
		SolutionGuid = {3B722B30-1B71-479A-A60D-F76740612326}
	EndGlobalSection
EndGlobal
