
Microsoft Visual Studio Solution File, Format Version 12.00
# Visual Studio Version 17
VisualStudioVersion = 17.10.35013.160
MinimumVisualStudioVersion = 10.0.40219.1
Project("{FAE04EC0-301F-11D3-BF4B-00C04F79EFBC}") = "esercizio_S2_4G", "esercizio_S2_4G\esercizio_S2_4G.csproj", "{675CFED3-0553-459B-8C45-84953485C528}"
EndProject
Global
	GlobalSection(SolutionConfigurationPlatforms) = preSolution
		Debug|Any CPU = Debug|Any CPU
		Release|Any CPU = Release|Any CPU
	EndGlobalSection
	GlobalSection(ProjectConfigurationPlatforms) = postSolution
		{675CFED3-0553-459B-8C45-84953485C528}.Debug|Any CPU.ActiveCfg = Debug|Any CPU
		{675CFED3-0553-459B-8C45-84953485C528}.Debug|Any CPU.Build.0 = Debug|Any CPU
		{675CFED3-0553-459B-8C45-84953485C528}.Release|Any CPU.ActiveCfg = Release|Any CPU
		{675CFED3-0553-459B-8C45-84953485C528}.Release|Any CPU.Build.0 = Release|Any CPU
	EndGlobalSection
	GlobalSection(SolutionProperties) = preSolution
		HideSolutionNode = FALSE
	EndGlobalSection
	GlobalSection(ExtensibilityGlobals) = postSolution
		SolutionGuid = {6BCAD358-8FB5-4DC9-9E37-C9072A858A46}
	EndGlobalSection
EndGlobal
