
Microsoft Visual Studio Solution File, Format Version 12.00
# Visual Studio Version 17
VisualStudioVersion = 17.10.35004.147
MinimumVisualStudioVersion = 10.0.40219.1
Project("{FAE04EC0-301F-11D3-BF4B-00C04F79EFBC}") = "Esercizio_2G", "Esercizio_2G\Esercizio_2G.csproj", "{BD76F69B-2269-44A2-B99F-76382DC2A303}"
EndProject
Global
	GlobalSection(SolutionConfigurationPlatforms) = preSolution
		Debug|Any CPU = Debug|Any CPU
		Release|Any CPU = Release|Any CPU
	EndGlobalSection
	GlobalSection(ProjectConfigurationPlatforms) = postSolution
		{BD76F69B-2269-44A2-B99F-76382DC2A303}.Debug|Any CPU.ActiveCfg = Debug|Any CPU
		{BD76F69B-2269-44A2-B99F-76382DC2A303}.Debug|Any CPU.Build.0 = Debug|Any CPU
		{BD76F69B-2269-44A2-B99F-76382DC2A303}.Release|Any CPU.ActiveCfg = Release|Any CPU
		{BD76F69B-2269-44A2-B99F-76382DC2A303}.Release|Any CPU.Build.0 = Release|Any CPU
	EndGlobalSection
	GlobalSection(SolutionProperties) = preSolution
		HideSolutionNode = FALSE
	EndGlobalSection
	GlobalSection(ExtensibilityGlobals) = postSolution
		SolutionGuid = {9F403D64-BF48-4D8F-AFD3-A14063F32614}
	EndGlobalSection
EndGlobal
